
Microsoft Visual Studio Solution File, Format Version 12.00
# Visual Studio Version 17
VisualStudioVersion = 17.5.002.0
MinimumVisualStudioVersion = 10.0.40219.1
Project("{9A19103F-16F7-4668-BE54-9A1E7A4F7556}") = "Media4Notas", "Media4Notas.csproj", "{0CA3B708-D5AE-4E3C-89E2-2F92DF4FC796}"
EndProject
Global
	GlobalSection(SolutionConfigurationPlatforms) = preSolution
		Debug|Any CPU = Debug|Any CPU
		Release|Any CPU = Release|Any CPU
	EndGlobalSection
	GlobalSection(ProjectConfigurationPlatforms) = postSolution
		{0CA3B708-D5AE-4E3C-89E2-2F92DF4FC796}.Debug|Any CPU.ActiveCfg = Debug|Any CPU
		{0CA3B708-D5AE-4E3C-89E2-2F92DF4FC796}.Debug|Any CPU.Build.0 = Debug|Any CPU
		{0CA3B708-D5AE-4E3C-89E2-2F92DF4FC796}.Release|Any CPU.ActiveCfg = Release|Any CPU
		{0CA3B708-D5AE-4E3C-89E2-2F92DF4FC796}.Release|Any CPU.Build.0 = Release|Any CPU
	EndGlobalSection
	GlobalSection(SolutionProperties) = preSolution
		HideSolutionNode = FALSE
	EndGlobalSection
	GlobalSection(ExtensibilityGlobals) = postSolution
		SolutionGuid = {04164D96-6955-4533-B45C-9F6A8B4ABADA}
	EndGlobalSection
EndGlobal
